{
  "name": "MindYourStep_Tutorial",
  "version": "3.0.0",
  "lockfileVersion": 1,
  "requires": true,
  "dependencies": {
    "goeasy": {
      "version": "2.5.13",
      "resolved": "https://registry.npmjs.org/goeasy/-/goeasy-2.5.13.tgz",
      "integrity": "sha512-HpQIH4E6rZhR691+CzJXJt3sYW/qc0K9vcG08AUo7CKL99X7NdKt/8HXSdimnGgJ1Ev6mer+opTSXYEopZCO2g=="
    }
  }
}
